# This file is autogenerated, do not edit; changes may be undone by the next 'dep ensure'.


[[projects]]
  branch = "master"
  name = "github.com/rakyll/launchpad"
  packages = ["."]
  revision = "b2437b463d1830df1cd44e2a1e97ed68694a15ae"

[[projects]]
  branch = "master"
  name = "github.com/rakyll/portmidi"
  packages = ["."]
  revision = "1246dd47c56089ea2ae791266edb7f4c6b90c045"

[[projects]]
  name = "github.com/spf13/pflag"
  packages = ["."]
  revision = "e57e3eeb33f795204c1ca35f56c44f83227c6e66"
  version = "v1.0.0"

[[projects]]
  branch = "master"
  name = "golang.org/x/net"
  packages = ["websocket"]
  revision = "ae89d30ce0c63142b652837da33d782e2b0a9b25"

[solve-meta]
  analyzer-name = "dep"
  analyzer-version = 1
  inputs-digest = "10a5042fd825934ae1748702c948a7bf80d62ee00f33956d06cf1cc42bba2d3d"
  solver-name = "gps-cdcl"
  solver-version = 1
